
Microsoft Visual Studio Solution File, Format Version 12.00
# Visual Studio Version 17
VisualStudioVersion = 17.2.32630.192
MinimumVisualStudioVersion = 10.0.40219.1
Project("{FAE04EC0-301F-11D3-BF4B-00C04F79EFBC}") = "Popcorn", "Popcorn.csproj", "{9C7267D3-F50E-4EE8-AE64-8E95F3C8D2A7}"
EndProject
Global
	GlobalSection(SolutionConfigurationPlatforms) = preSolution
		Debug|Any CPU = Debug|Any CPU
		Release|Any CPU = Release|Any CPU
	EndGlobalSection
	GlobalSection(ProjectConfigurationPlatforms) = postSolution
		{9C7267D3-F50E-4EE8-AE64-8E95F3C8D2A7}.Debug|Any CPU.ActiveCfg = Debug|Any CPU
		{9C7267D3-F50E-4EE8-AE64-8E95F3C8D2A7}.Debug|Any CPU.Build.0 = Debug|Any CPU
		{9C7267D3-F50E-4EE8-AE64-8E95F3C8D2A7}.Release|Any CPU.ActiveCfg = Release|Any CPU
		{9C7267D3-F50E-4EE8-AE64-8E95F3C8D2A7}.Release|Any CPU.Build.0 = Release|Any CPU
	EndGlobalSection
	GlobalSection(SolutionProperties) = preSolution
		HideSolutionNode = FALSE
	EndGlobalSection
	GlobalSection(ExtensibilityGlobals) = postSolution
		SolutionGuid = {D7AEA7D3-A09F-4A5B-B571-EBEB6D4682D2}
	EndGlobalSection
EndGlobal
